
Microsoft Visual Studio Solution File, Format Version 12.00
# Visual Studio Version 17
VisualStudioVersion = 17.0.31903.59
MinimumVisualStudioVersion = 10.0.40219.1
Project("{9A19103F-16F7-4668-BE54-9A1E7A4F7556}") = "ThunderServer.API", "ThunderServer\ThunderServer.API\ThunderServer.API.csproj", "{345537FE-6B2C-4666-BED8-68247D3B6E18}"
EndProject
Project("{9A19103F-16F7-4668-BE54-9A1E7A4F7556}") = "ThunderServer.UnitTests", "ThunderServer\ThunderServer.UnitTests\ThunderServer.UnitTests.csproj", "{A8BC16D3-0A67-47BF-BC20-C43F60602315}"
EndProject
Project("{9A19103F-16F7-4668-BE54-9A1E7A4F7556}") = "OmniClient", "ThunderClient\OmniClient\OmniClient.csproj", "{1B6B640C-9E83-4C61-959F-75CCF81C1FC4}"
EndProject
Project("{E53339B2-1760-4266-BCC7-CA923CBCF16C}") = "docker-compose", "docker-compose.dcproj", "{37E2E015-35D1-459E-B521-9C325BF9CDE8}"
EndProject
Project("{2150E333-8FDC-42A3-9474-1A3956D46DE8}") = "ThunderServer", "ThunderServer", "{BF878981-7155-480C-B64F-911DB2D07931}"
EndProject
Project("{2150E333-8FDC-42A3-9474-1A3956D46DE8}") = "ThunderClient", "ThunderClient", "{1B63BE5F-EB36-4A89-BFE6-32DEA2A7BA18}"
EndProject
Project("{9A19103F-16F7-4668-BE54-9A1E7A4F7556}") = "ThunderServer.Models", "ThunderServer\ThunderServer.Models\ThunderServer.Models.csproj", "{3E749B07-CA94-4F34-BB87-9EEEBCEEA0EE}"
EndProject
Project("{9A19103F-16F7-4668-BE54-9A1E7A4F7556}") = "ThunderServer.Infrastructure", "ThunderServer\ThunderServer.Infrastructure\ThunderServer.Infrastructure.csproj", "{C5A03BBC-6828-4488-8D2F-70074CECC07F}"
EndProject
Project("{9A19103F-16F7-4668-BE54-9A1E7A4F7556}") = "ThunderServer.IntegrationTests", "ThunderServer\ThunderServer.IntegrationTests\ThunderServer.IntegrationTests.csproj", "{A2B00782-76BE-4A63-9EDF-DE7C2979C545}"
EndProject
Global
	GlobalSection(SolutionConfigurationPlatforms) = preSolution
		Debug|Any CPU = Debug|Any CPU
		Release|Any CPU = Release|Any CPU
	EndGlobalSection
	GlobalSection(ProjectConfigurationPlatforms) = postSolution
		{345537FE-6B2C-4666-BED8-68247D3B6E18}.Debug|Any CPU.ActiveCfg = Debug|Any CPU
		{345537FE-6B2C-4666-BED8-68247D3B6E18}.Debug|Any CPU.Build.0 = Debug|Any CPU
		{345537FE-6B2C-4666-BED8-68247D3B6E18}.Release|Any CPU.ActiveCfg = Release|Any CPU
		{345537FE-6B2C-4666-BED8-68247D3B6E18}.Release|Any CPU.Build.0 = Release|Any CPU
		{A8BC16D3-0A67-47BF-BC20-C43F60602315}.Debug|Any CPU.ActiveCfg = Debug|Any CPU
		{A8BC16D3-0A67-47BF-BC20-C43F60602315}.Debug|Any CPU.Build.0 = Debug|Any CPU
		{A8BC16D3-0A67-47BF-BC20-C43F60602315}.Release|Any CPU.ActiveCfg = Release|Any CPU
		{A8BC16D3-0A67-47BF-BC20-C43F60602315}.Release|Any CPU.Build.0 = Release|Any CPU
		{1B6B640C-9E83-4C61-959F-75CCF81C1FC4}.Debug|Any CPU.ActiveCfg = Debug|Any CPU
		{1B6B640C-9E83-4C61-959F-75CCF81C1FC4}.Debug|Any CPU.Build.0 = Debug|Any CPU
		{1B6B640C-9E83-4C61-959F-75CCF81C1FC4}.Debug|Any CPU.Deploy.0 = Debug|Any CPU
		{1B6B640C-9E83-4C61-959F-75CCF81C1FC4}.Release|Any CPU.ActiveCfg = Release|Any CPU
		{1B6B640C-9E83-4C61-959F-75CCF81C1FC4}.Release|Any CPU.Build.0 = Release|Any CPU
		{1B6B640C-9E83-4C61-959F-75CCF81C1FC4}.Release|Any CPU.Deploy.0 = Release|Any CPU
		{37E2E015-35D1-459E-B521-9C325BF9CDE8}.Debug|Any CPU.ActiveCfg = Debug|Any CPU
		{37E2E015-35D1-459E-B521-9C325BF9CDE8}.Debug|Any CPU.Build.0 = Debug|Any CPU
		{37E2E015-35D1-459E-B521-9C325BF9CDE8}.Release|Any CPU.ActiveCfg = Release|Any CPU
		{37E2E015-35D1-459E-B521-9C325BF9CDE8}.Release|Any CPU.Build.0 = Release|Any CPU
		{3E749B07-CA94-4F34-BB87-9EEEBCEEA0EE}.Debug|Any CPU.ActiveCfg = Debug|Any CPU
		{3E749B07-CA94-4F34-BB87-9EEEBCEEA0EE}.Debug|Any CPU.Build.0 = Debug|Any CPU
		{3E749B07-CA94-4F34-BB87-9EEEBCEEA0EE}.Release|Any CPU.ActiveCfg = Release|Any CPU
		{3E749B07-CA94-4F34-BB87-9EEEBCEEA0EE}.Release|Any CPU.Build.0 = Release|Any CPU
		{C5A03BBC-6828-4488-8D2F-70074CECC07F}.Debug|Any CPU.ActiveCfg = Debug|Any CPU
		{C5A03BBC-6828-4488-8D2F-70074CECC07F}.Debug|Any CPU.Build.0 = Debug|Any CPU
		{C5A03BBC-6828-4488-8D2F-70074CECC07F}.Release|Any CPU.ActiveCfg = Release|Any CPU
		{C5A03BBC-6828-4488-8D2F-70074CECC07F}.Release|Any CPU.Build.0 = Release|Any CPU
		{A2B00782-76BE-4A63-9EDF-DE7C2979C545}.Debug|Any CPU.ActiveCfg = Debug|Any CPU
		{A2B00782-76BE-4A63-9EDF-DE7C2979C545}.Debug|Any CPU.Build.0 = Debug|Any CPU
		{A2B00782-76BE-4A63-9EDF-DE7C2979C545}.Release|Any CPU.ActiveCfg = Release|Any CPU
		{A2B00782-76BE-4A63-9EDF-DE7C2979C545}.Release|Any CPU.Build.0 = Release|Any CPU
	EndGlobalSection
	GlobalSection(SolutionProperties) = preSolution
		HideSolutionNode = FALSE
	EndGlobalSection
	GlobalSection(NestedProjects) = preSolution
		{345537FE-6B2C-4666-BED8-68247D3B6E18} = {BF878981-7155-480C-B64F-911DB2D07931}
		{A8BC16D3-0A67-47BF-BC20-C43F60602315} = {BF878981-7155-480C-B64F-911DB2D07931}
		{1B6B640C-9E83-4C61-959F-75CCF81C1FC4} = {1B63BE5F-EB36-4A89-BFE6-32DEA2A7BA18}
		{3E749B07-CA94-4F34-BB87-9EEEBCEEA0EE} = {BF878981-7155-480C-B64F-911DB2D07931}
		{C5A03BBC-6828-4488-8D2F-70074CECC07F} = {BF878981-7155-480C-B64F-911DB2D07931}
		{A2B00782-76BE-4A63-9EDF-DE7C2979C545} = {BF878981-7155-480C-B64F-911DB2D07931}
	EndGlobalSection
	GlobalSection(ExtensibilityGlobals) = postSolution
		SolutionGuid = {6863FEE8-A90E-4D07-AE4A-BA218F67964E}
	EndGlobalSection
EndGlobal
